Microsoft Visual Studio Solution File, Format Version 11.00
# Visual Studio 2008

Project("{99E92348-F5DA-88DE-C9B8-8FE32750DCF4}") = "feup-rvau-aircontrol", "Assembly-CSharp.csproj", "{9C61CD1D-8930-E410-60D6-95C7976EED05}"
EndProject
Project("{99E92348-F5DA-88DE-C9B8-8FE32750DCF4}") = "feup-rvau-aircontrol", "Assembly-CSharp-Editor.csproj", "{00BE75F4-6737-4AE2-9394-150822BE3A11}"
EndProject
Project("{99E92348-F5DA-88DE-C9B8-8FE32750DCF4}") = "feup-rvau-aircontrol", "Assembly-UnityScript-Editor-firstpass.unityproj", "{B8C2401C-C2C2-FF6E-83C6-D40A55202B61}"
EndProject
Global
	GlobalSection(SolutionConfigurationPlatforms) = preSolution
		Debug|Any CPU = Debug|Any CPU
		Release|Any CPU = Release|Any CPU
	EndGlobalSection
	GlobalSection(ProjectConfigurationPlatforms) = postSolution
		{9C61CD1D-8930-E410-60D6-95C7976EED05}.Debug|Any CPU.ActiveCfg = Debug|Any CPU
		{9C61CD1D-8930-E410-60D6-95C7976EED05}.Debug|Any CPU.Build.0 = Debug|Any CPU
		{9C61CD1D-8930-E410-60D6-95C7976EED05}.Release|Any CPU.ActiveCfg = Release|Any CPU
		{9C61CD1D-8930-E410-60D6-95C7976EED05}.Release|Any CPU.Build.0 = Release|Any CPU
		{00BE75F4-6737-4AE2-9394-150822BE3A11}.Debug|Any CPU.ActiveCfg = Debug|Any CPU
		{00BE75F4-6737-4AE2-9394-150822BE3A11}.Debug|Any CPU.Build.0 = Debug|Any CPU
		{00BE75F4-6737-4AE2-9394-150822BE3A11}.Release|Any CPU.ActiveCfg = Release|Any CPU
		{00BE75F4-6737-4AE2-9394-150822BE3A11}.Release|Any CPU.Build.0 = Release|Any CPU
		{B8C2401C-C2C2-FF6E-83C6-D40A55202B61}.Debug|Any CPU.ActiveCfg = Debug|Any CPU
		{B8C2401C-C2C2-FF6E-83C6-D40A55202B61}.Debug|Any CPU.Build.0 = Debug|Any CPU
		{B8C2401C-C2C2-FF6E-83C6-D40A55202B61}.Release|Any CPU.ActiveCfg = Release|Any CPU
		{B8C2401C-C2C2-FF6E-83C6-D40A55202B61}.Release|Any CPU.Build.0 = Release|Any CPU
	EndGlobalSection
	GlobalSection(SolutionProperties) = preSolution
		HideSolutionNode = FALSE
	EndGlobalSection
	GlobalSection(MonoDevelopProperties) = preSolution
		StartupItem = Assembly-CSharp.csproj
		Policies = $0
		$0.TextStylePolicy = $1
		$1.inheritsSet = null
		$1.scope = text/x-csharp
		$0.CSharpFormattingPolicy = $2
		$2.inheritsSet = Mono
		$2.inheritsScope = text/x-csharp
		$2.scope = text/x-csharp
		$0.TextStylePolicy = $3
		$3.FileWidth = 120
		$3.TabWidth = 4
		$3.EolMarker = Unix
		$3.inheritsSet = Mono
		$3.inheritsScope = text/plain
		$3.scope = text/plain
	EndGlobalSection
EndGlobal
